
Microsoft Visual Studio Solution File, Format Version 12.00
# Visual Studio Version 17
VisualStudioVersion = 17.12.35506.116 d17.12
MinimumVisualStudioVersion = 10.0.40219.1
Project("{FAE04EC0-301F-11D3-BF4B-00C04F79EFBC}") = "DynamicDataGridSample", "DynamicDataGridSample\DynamicDataGridSample.csproj", "{56E44440-B103-4372-8A89-9562C4A1BB7B}"
EndProject
Global
	GlobalSection(SolutionConfigurationPlatforms) = preSolution
		Debug|Any CPU = Debug|Any CPU
		Release|Any CPU = Release|Any CPU
	EndGlobalSection
	GlobalSection(ProjectConfigurationPlatforms) = postSolution
		{56E44440-B103-4372-8A89-9562C4A1BB7B}.Debug|Any CPU.ActiveCfg = Debug|Any CPU
		{56E44440-B103-4372-8A89-9562C4A1BB7B}.Debug|Any CPU.Build.0 = Debug|Any CPU
		{56E44440-B103-4372-8A89-9562C4A1BB7B}.Release|Any CPU.ActiveCfg = Release|Any CPU
		{56E44440-B103-4372-8A89-9562C4A1BB7B}.Release|Any CPU.Build.0 = Release|Any CPU
	EndGlobalSection
	GlobalSection(SolutionProperties) = preSolution
		HideSolutionNode = FALSE
	EndGlobalSection
EndGlobal
